{
  "version": 4,
  "terraform_version": "1.14.9",
  "serial": 23,
  "lineage": "8c2a4194-13d2-c65a-65f9-a3bb98761686",
  "outputs": {},
  "resources": [
    {
      "mode": "managed",
      "type": "azurerm_linux_virtual_machine",
      "name": "vm",
      "provider": "provider[\"registry.terraform.io/hashicorp/azurerm\"]",
      "instances": [
        {
          "schema_version": 0,
          "attributes": {
            "additional_capabilities": [],
            "admin_password": null,
            "admin_ssh_key": [
              {
                "public_key": "ssh-rsa AAAAB3NzaC1yc2EAAAADAQABAAACAQCuJdIrBKBLiEDCCLMo03pIMG1xKRPinIicsFG+NAJ0CAF7Qft+ACYA04T/8E8Z6TTdmJqbpXmfGOAWRhT+tNaqPhBiTtK1OYuTM5X2Bl1mMe8OnOLxtJXVuZ1iXTL/kY8I98jvqAjKmlbBZmrFGdg4DiZmBMOZ5vt9qk6LfXo2s+YOTWJVlPk0pidM/IJLUMmsVpVX2TTsb6ByXttkPT2RRkp096lBPukNtLHyWyJbeEK2c6GQWMxxrTUxosU5zN3mY3R6IziEMryp9rjAAa1FFAi0mp88GHd3WhzGsLnY8AMaKQ2b4DX7uaElp1ANwFb12hT+732tdgKgOTu5JVVexbZQFfc0Uml2X5H83GivAbXN1LqkI0E15h2c+La8PLxWS1ZLDEhlcTDWSe2wQrWnh56FhkbDfuP9WO8aiw0Fn66yrTFpjPz5V/xVq+V6v6LKo/LOgsUZg36noHVRJPzQ/Ow+E7u6R56v95ZISxam4Qf7O8toPVhDY9oLanRU6wrFjvmcflsMhbJ87Nshn3P5YcmiddE98cSFnTKJqmHcofGOyxYkNyxbz+hBCwlszz6H/mhNo/DEFNg8D4cZf+L+zddS2zuGP6LxA6SSiCeElTavooYeeF7M/4fKvYu/8r7wXNqJZQx6krjRKuEzWhL6kyWe9FCyDMAVk7stViJRPQ== chris@chris-HP-Laptop-15-bs1xx\n",
                "username": "azureuser"
              }
            ],
            "admin_username": "azureuser",
            "allow_extension_operations": true,
            "availability_set_id": "",
            "boot_diagnostics": [],
            "bypass_platform_safety_checks_on_user_schedule_enabled": false,
            "capacity_reservation_group_id": "",
            "computer_name": "project9-vm",
            "custom_data": null,
            "dedicated_host_group_id": "",
            "dedicated_host_id": "",
            "disable_password_authentication": true,
            "disk_controller_type": "",
            "edge_zone": "",
            "encryption_at_host_enabled": false,
            "eviction_policy": "",
            "extensions_time_budget": "PT1H30M",
            "gallery_application": [],
            "id": "/subscriptions/852f6425-a0f9-43c8-a132-239db2ac9586/resourceGroups/project9-rg/providers/Microsoft.Compute/virtualMachines/project9-vm",
            "identity": [],
            "license_type": "",
            "location": "canadaeast",
            "max_bid_price": -1,
            "name": "project9-vm",
            "network_interface_ids": [
              "/subscriptions/852f6425-a0f9-43c8-a132-239db2ac9586/resourceGroups/project9-rg/providers/Microsoft.Network/networkInterfaces/project9-nic"
            ],
            "os_disk": [
              {
                "caching": "ReadWrite",
                "diff_disk_settings": [],
                "disk_encryption_set_id": "",
                "disk_size_gb": 30,
                "id": "/subscriptions/852f6425-a0f9-43c8-a132-239db2ac9586/resourceGroups/project9-rg/providers/Microsoft.Compute/disks/project9-vm_disk1_ff6eaad04a344b80b1a1bc3a0fe1a8e1",
                "name": "project9-vm_disk1_ff6eaad04a344b80b1a1bc3a0fe1a8e1",
                "secure_vm_disk_encryption_set_id": "",
                "security_encryption_type": "",
                "storage_account_type": "Standard_LRS",
                "write_accelerator_enabled": false
              }
            ],
            "os_image_notification": [],
            "os_managed_disk_id": "/subscriptions/852f6425-a0f9-43c8-a132-239db2ac9586/resourceGroups/project9-rg/providers/Microsoft.Compute/disks/project9-vm_disk1_ff6eaad04a344b80b1a1bc3a0fe1a8e1",
            "patch_assessment_mode": "ImageDefault",
            "patch_mode": "ImageDefault",
            "plan": [],
            "platform_fault_domain": -1,
            "priority": "Regular",
            "private_ip_address": "10.0.1.4",
            "private_ip_addresses": [
              "10.0.1.4"
            ],
            "provision_vm_agent": true,
            "proximity_placement_group_id": "",
            "public_ip_address": "20.200.54.157",
            "public_ip_addresses": [
              "20.200.54.157"
            ],
            "reboot_setting": "",
            "resource_group_name": "project9-rg",
            "secret": [],
            "secure_boot_enabled": false,
            "size": "Standard_D2s_v3",
            "source_image_id": "",
            "source_image_reference": [
              {
                "offer": "0001-com-ubuntu-server-jammy",
                "publisher": "Canonical",
                "sku": "22_04-lts",
                "version": "latest"
              }
            ],
            "tags": {},
            "termination_notification": [],
            "timeouts": null,
            "user_data": "",
            "virtual_machine_id": "b229a750-9bc0-492d-8431-a46561e1f8c8",
            "virtual_machine_scale_set_id": "",
            "vm_agent_platform_updates_enabled": false,
            "vtpm_enabled": false,
            "zone": ""
          },
          "sensitive_attributes": [
            [
              {
                "type": "get_attr",
                "value": "admin_password"
              }
            ],
            [
              {
                "type": "get_attr",
                "value": "custom_data"
              }
            ]
          ],
          "identity_schema_version": 0,
          "private": "eyJlMmJmYjczMC1lY2FhLTExZTYtOGY4OC0zNDM2M2JjN2M0YzAiOnsiY3JlYXRlIjoyNzAwMDAwMDAwMDAwLCJkZWxldGUiOjI3MDAwMDAwMDAwMDAsInJlYWQiOjMwMDAwMDAwMDAwMCwidXBkYXRlIjoyNzAwMDAwMDAwMDAwfX0=",
          "dependencies": [
            "azurerm_network_interface.nic",
            "azurerm_public_ip.pip",
            "azurerm_resource_group.rg",
            "azurerm_subnet.subnet",
            "azurerm_virtual_network.vnet"
          ]
        }
      ]
    },
    {
      "mode": "managed",
      "type": "azurerm_network_interface",
      "name": "nic",
      "provider": "provider[\"registry.terraform.io/hashicorp/azurerm\"]",
      "instances": [
        {
          "schema_version": 0,
          "attributes": {
            "accelerated_networking_enabled": false,
            "applied_dns_servers": [],
            "auxiliary_mode": "",
            "auxiliary_sku": "",
            "dns_servers": [],
            "edge_zone": "",
            "id": "/subscriptions/852f6425-a0f9-43c8-a132-239db2ac9586/resourceGroups/project9-rg/providers/Microsoft.Network/networkInterfaces/project9-nic",
            "internal_dns_name_label": "",
            "internal_domain_name_suffix": "uilllohdyosezdjsa30fkoj2pd.vx.internal.cloudapp.net",
            "ip_configuration": [
              {
                "gateway_load_balancer_frontend_ip_configuration_id": "",
                "name": "internal",
                "primary": true,
                "private_ip_address": "10.0.1.4",
                "private_ip_address_allocation": "Dynamic",
                "private_ip_address_version": "IPv4",
                "public_ip_address_id": "/subscriptions/852f6425-a0f9-43c8-a132-239db2ac9586/resourceGroups/project9-rg/providers/Microsoft.Network/publicIPAddresses/project9-pip",
                "subnet_id": "/subscriptions/852f6425-a0f9-43c8-a132-239db2ac9586/resourceGroups/project9-rg/providers/Microsoft.Network/virtualNetworks/project9-vnet/subnets/project9-subnet"
              }
            ],
            "ip_forwarding_enabled": false,
            "location": "canadaeast",
            "mac_address": "7C-1E-52-06-30-9A",
            "name": "project9-nic",
            "private_ip_address": "10.0.1.4",
            "private_ip_addresses": [
              "10.0.1.4"
            ],
            "resource_group_name": "project9-rg",
            "tags": {},
            "timeouts": null,
            "virtual_machine_id": "/subscriptions/852f6425-a0f9-43c8-a132-239db2ac9586/resourceGroups/project9-rg/providers/Microsoft.Compute/virtualMachines/project9-vm"
          },
          "sensitive_attributes": [],
          "identity_schema_version": 0,
          "identity": {
            "name": "project9-nic",
            "resource_group_name": "project9-rg",
            "subscription_id": "852f6425-a0f9-43c8-a132-239db2ac9586"
          },
          "private": "eyJlMmJmYjczMC1lY2FhLTExZTYtOGY4OC0zNDM2M2JjN2M0YzAiOnsiY3JlYXRlIjoxODAwMDAwMDAwMDAwLCJkZWxldGUiOjE4MDAwMDAwMDAwMDAsInJlYWQiOjMwMDAwMDAwMDAwMCwidXBkYXRlIjoxODAwMDAwMDAwMDAwfX0=",
          "dependencies": [
            "azurerm_public_ip.pip",
            "azurerm_resource_group.rg",
            "azurerm_subnet.subnet",
            "azurerm_virtual_network.vnet"
          ]
        }
      ]
    },
    {
      "mode": "managed",
      "type": "azurerm_network_security_group",
      "name": "nsg",
      "provider": "provider[\"registry.terraform.io/hashicorp/azurerm\"]",
      "instances": [
        {
          "schema_version": 0,
          "attributes": {
            "id": "/subscriptions/852f6425-a0f9-43c8-a132-239db2ac9586/resourceGroups/project9-rg/providers/Microsoft.Network/networkSecurityGroups/project9-nsg",
            "location": "canadaeast",
            "name": "project9-nsg",
            "resource_group_name": "project9-rg",
            "security_rule": [
              {
                "access": "Allow",
                "description": "",
                "destination_address_prefix": "*",
                "destination_address_prefixes": [],
                "destination_application_security_group_ids": [],
                "destination_port_range": "22",
                "destination_port_ranges": [],
                "direction": "Inbound",
                "name": "Allow-SSH-From-My-IP",
                "priority": 100,
                "protocol": "Tcp",
                "source_address_prefix": "172.59.104.142",
                "source_address_prefixes": [],
                "source_application_security_group_ids": [],
                "source_port_range": "*",
                "source_port_ranges": []
              }
            ],
            "tags": {},
            "timeouts": null
          },
          "sensitive_attributes": [],
          "identity_schema_version": 0,
          "identity": {
            "name": "project9-nsg",
            "resource_group_name": "project9-rg",
            "subscription_id": "852f6425-a0f9-43c8-a132-239db2ac9586"
          },
          "private": "eyJlMmJmYjczMC1lY2FhLTExZTYtOGY4OC0zNDM2M2JjN2M0YzAiOnsiY3JlYXRlIjoxODAwMDAwMDAwMDAwLCJkZWxldGUiOjE4MDAwMDAwMDAwMDAsInJlYWQiOjMwMDAwMDAwMDAwMCwidXBkYXRlIjoxODAwMDAwMDAwMDAwfX0=",
          "dependencies": [
            "azurerm_resource_group.rg"
          ]
        }
      ]
    },
    {
      "mode": "managed",
      "type": "azurerm_public_ip",
      "name": "pip",
      "provider": "provider[\"registry.terraform.io/hashicorp/azurerm\"]",
      "instances": [
        {
          "schema_version": 0,
          "attributes": {
            "allocation_method": "Static",
            "ddos_protection_mode": "VirtualNetworkInherited",
            "ddos_protection_plan_id": null,
            "domain_name_label": "",
            "domain_name_label_scope": "",
            "edge_zone": "",
            "fqdn": "",
            "id": "/subscriptions/852f6425-a0f9-43c8-a132-239db2ac9586/resourceGroups/project9-rg/providers/Microsoft.Network/publicIPAddresses/project9-pip",
            "idle_timeout_in_minutes": 4,
            "ip_address": "20.200.54.157",
            "ip_tags": {},
            "ip_version": "IPv4",
            "location": "canadaeast",
            "name": "project9-pip",
            "public_ip_prefix_id": null,
            "resource_group_name": "project9-rg",
            "reverse_fqdn": "",
            "sku": "Standard",
            "sku_tier": "Regional",
            "tags": {},
            "timeouts": null,
            "zones": []
          },
          "sensitive_attributes": [],
          "identity_schema_version": 0,
          "identity": {
            "name": "project9-pip",
            "resource_group_name": "project9-rg",
            "subscription_id": "852f6425-a0f9-43c8-a132-239db2ac9586"
          },
          "private": "eyJlMmJmYjczMC1lY2FhLTExZTYtOGY4OC0zNDM2M2JjN2M0YzAiOnsiY3JlYXRlIjoxODAwMDAwMDAwMDAwLCJkZWxldGUiOjE4MDAwMDAwMDAwMDAsInJlYWQiOjMwMDAwMDAwMDAwMCwidXBkYXRlIjoxODAwMDAwMDAwMDAwfX0=",
          "dependencies": [
            "azurerm_resource_group.rg"
          ]
        }
      ]
    },
    {
      "mode": "managed",
      "type": "azurerm_resource_group",
      "name": "rg",
      "provider": "provider[\"registry.terraform.io/hashicorp/azurerm\"]",
      "instances": [
        {
          "schema_version": 0,
          "attributes": {
            "id": "/subscriptions/852f6425-a0f9-43c8-a132-239db2ac9586/resourceGroups/project9-rg",
            "location": "canadaeast",
            "managed_by": "",
            "name": "project9-rg",
            "tags": {},
            "timeouts": null
          },
          "sensitive_attributes": [],
          "identity_schema_version": 0,
          "identity": {
            "name": "project9-rg",
            "subscription_id": "852f6425-a0f9-43c8-a132-239db2ac9586"
          },
          "private": "eyJlMmJmYjczMC1lY2FhLTExZTYtOGY4OC0zNDM2M2JjN2M0YzAiOnsiY3JlYXRlIjo1NDAwMDAwMDAwMDAwLCJkZWxldGUiOjU0MDAwMDAwMDAwMDAsInJlYWQiOjMwMDAwMDAwMDAwMCwidXBkYXRlIjo1NDAwMDAwMDAwMDAwfX0="
        }
      ]
    },
    {
      "mode": "managed",
      "type": "azurerm_subnet",
      "name": "subnet",
      "provider": "provider[\"registry.terraform.io/hashicorp/azurerm\"]",
      "instances": [
        {
          "schema_version": 0,
          "attributes": {
            "address_prefixes": [
              "10.0.1.0/24"
            ],
            "default_outbound_access_enabled": true,
            "delegation": [],
            "id": "/subscriptions/852f6425-a0f9-43c8-a132-239db2ac9586/resourceGroups/project9-rg/providers/Microsoft.Network/virtualNetworks/project9-vnet/subnets/project9-subnet",
            "ip_address_pool": [],
            "name": "project9-subnet",
            "private_endpoint_network_policies": "Disabled",
            "private_link_service_network_policies_enabled": true,
            "resource_group_name": "project9-rg",
            "service_endpoint_policy_ids": [],
            "service_endpoints": [],
            "sharing_scope": "",
            "timeouts": null,
            "virtual_network_name": "project9-vnet"
          },
          "sensitive_attributes": [],
          "identity_schema_version": 0,
          "identity": {
            "name": "project9-subnet",
            "resource_group_name": "project9-rg",
            "subscription_id": "852f6425-a0f9-43c8-a132-239db2ac9586",
            "virtual_network_name": "project9-vnet"
          },
          "private": "eyJlMmJmYjczMC1lY2FhLTExZTYtOGY4OC0zNDM2M2JjN2M0YzAiOnsiY3JlYXRlIjoxODAwMDAwMDAwMDAwLCJkZWxldGUiOjE4MDAwMDAwMDAwMDAsInJlYWQiOjMwMDAwMDAwMDAwMCwidXBkYXRlIjoxODAwMDAwMDAwMDAwfX0=",
          "dependencies": [
            "azurerm_resource_group.rg",
            "azurerm_virtual_network.vnet"
          ]
        }
      ]
    },
    {
      "mode": "managed",
      "type": "azurerm_subnet_network_security_group_association",
      "name": "subnet_nsg",
      "provider": "provider[\"registry.terraform.io/hashicorp/azurerm\"]",
      "instances": [
        {
          "schema_version": 0,
          "attributes": {
            "id": "/subscriptions/852f6425-a0f9-43c8-a132-239db2ac9586/resourceGroups/project9-rg/providers/Microsoft.Network/virtualNetworks/project9-vnet/subnets/project9-subnet",
            "network_security_group_id": "/subscriptions/852f6425-a0f9-43c8-a132-239db2ac9586/resourceGroups/project9-rg/providers/Microsoft.Network/networkSecurityGroups/project9-nsg",
            "subnet_id": "/subscriptions/852f6425-a0f9-43c8-a132-239db2ac9586/resourceGroups/project9-rg/providers/Microsoft.Network/virtualNetworks/project9-vnet/subnets/project9-subnet",
            "timeouts": null
          },
          "sensitive_attributes": [],
          "identity_schema_version": 0,
          "private": "eyJlMmJmYjczMC1lY2FhLTExZTYtOGY4OC0zNDM2M2JjN2M0YzAiOnsiY3JlYXRlIjoxODAwMDAwMDAwMDAwLCJkZWxldGUiOjE4MDAwMDAwMDAwMDAsInJlYWQiOjMwMDAwMDAwMDAwMH19",
          "dependencies": [
            "azurerm_network_security_group.nsg",
            "azurerm_resource_group.rg",
            "azurerm_subnet.subnet",
            "azurerm_virtual_network.vnet"
          ]
        }
      ]
    },
    {
      "mode": "managed",
      "type": "azurerm_virtual_network",
      "name": "vnet",
      "provider": "provider[\"registry.terraform.io/hashicorp/azurerm\"]",
      "instances": [
        {
          "schema_version": 0,
          "attributes": {
            "address_space": [
              "10.0.0.0/16"
            ],
            "bgp_community": "",
            "ddos_protection_plan": [],
            "dns_servers": [],
            "edge_zone": "",
            "encryption": [],
            "flow_timeout_in_minutes": 0,
            "guid": "b8b516a2-c3e3-4ca4-8d32-077455393c7b",
            "id": "/subscriptions/852f6425-a0f9-43c8-a132-239db2ac9586/resourceGroups/project9-rg/providers/Microsoft.Network/virtualNetworks/project9-vnet",
            "ip_address_pool": [],
            "location": "canadaeast",
            "name": "project9-vnet",
            "private_endpoint_vnet_policies": "Disabled",
            "resource_group_name": "project9-rg",
            "subnet": [
              {
                "address_prefixes": [
                  "10.0.1.0/24"
                ],
                "default_outbound_access_enabled": true,
                "delegation": [],
                "id": "/subscriptions/852f6425-a0f9-43c8-a132-239db2ac9586/resourceGroups/project9-rg/providers/Microsoft.Network/virtualNetworks/project9-vnet/subnets/project9-subnet",
                "name": "project9-subnet",
                "private_endpoint_network_policies": "Disabled",
                "private_link_service_network_policies_enabled": true,
                "route_table_id": "",
                "security_group": "/subscriptions/852f6425-a0f9-43c8-a132-239db2ac9586/resourceGroups/project9-rg/providers/Microsoft.Network/networkSecurityGroups/project9-nsg",
                "service_endpoint_policy_ids": [],
                "service_endpoints": []
              }
            ],
            "tags": {},
            "timeouts": null
          },
          "sensitive_attributes": [],
          "identity_schema_version": 0,
          "identity": {
            "name": "project9-vnet",
            "resource_group_name": "project9-rg",
            "subscription_id": "852f6425-a0f9-43c8-a132-239db2ac9586"
          },
          "private": "eyJlMmJmYjczMC1lY2FhLTExZTYtOGY4OC0zNDM2M2JjN2M0YzAiOnsiY3JlYXRlIjoxODAwMDAwMDAwMDAwLCJkZWxldGUiOjE4MDAwMDAwMDAwMDAsInJlYWQiOjMwMDAwMDAwMDAwMCwidXBkYXRlIjoxODAwMDAwMDAwMDAwfX0=",
          "dependencies": [
            "azurerm_resource_group.rg"
          ]
        }
      ]
    }
  ],
  "check_results": null
}
